// !$*UTF8*$!
{
	archiveVersion = 1;
	classes = {
	};
	objectVersion = 50;
	objects = {

/* Begin PBXBuildFile section */
		ED404FFD23A594AF00A79E03 /* AppDelegate.swift in Sources */ = {isa = PBXBuildFile; fileRef = ED404FFC23A594AF00A79E03 /* AppDelegate.swift */; };
		ED404FFF23A594AF00A79E03 /* SceneDelegate.swift in Sources */ = {isa = PBXBuildFile; fileRef = ED404FFE23A594AF00A79E03 /* SceneDelegate.swift */; };
		ED40500123A594AF00A79E03 /* ViewController.swift in Sources */ = {isa = PBXBuildFile; fileRef = ED40500023A594AF00A79E03 /* ViewController.swift */; };
		ED40500423A594AF00A79E03 /* Main.storyboard in Resources */ = {isa = PBXBuildFile; fileRef = ED40500223A594AF00A79E03 /* Main.storyboard */; };
		ED40500623A594B200A79E03 /* Assets.xcassets in Resources */ = {isa = PBXBuildFile; fileRef = ED40500523A594B200A79E03 /* Assets.xcassets */; };
		ED40500923A594B200A79E03 /* LaunchScreen.storyboard in Resources */ = {isa = PBXBuildFile; fileRef = ED40500723A594B200A79E03 /* LaunchScreen.storyboard */; };
		ED40501423A594B200A79E03 /* TestTests.swift in Sources */ = {isa = PBXBuildFile; fileRef = ED40501323A594B200A79E03 /* TestTests.swift */; };
		ED40501F23A594B200A79E03 /* TestUITests.swift in Sources */ = {isa = PBXBuildFile; fileRef = ED40501E23A594B200A79E03 /* TestUITests.swift */; };
/* End PBXBuildFile section */

/* Begin PBXContainerItemProxy section */
		ED40501023A594B200A79E03 /* PBXContainerItemProxy */ = {
			isa = PBXContainerItemProxy;
			containerPortal = ED404FF123A594AF00A79E03 /* Project object */;
			proxyType = 1;
			remoteGlobalIDString = ED404FF823A594AF00A79E03;
			remoteInfo = Test;
		};
		ED40501B23A594B200A79E03 /* PBXContainerItemProxy */ = {
			isa = PBXContainerItemProxy;
			containerPortal = ED404FF123A594AF00A79E03 /* Project object */;
			proxyType = 1;
			remoteGlobalIDString = ED404FF823A594AF00A79E03;
			remoteInfo = Test;
		};
/* End PBXContainerItemProxy section */

/* Begin PBXFileReference section */
		ED404FF923A594AF00A79E03 /* Test.app */ = {isa = PBXFileReference; explicitFileType = wrapper.application; includeInIndex = 0; path = Test.app; sourceTree = BUILT_PRODUCTS_DIR; };
		ED404FFC23A594AF00A79E03 /* AppDelegate.swift */ = {isa = PBXFileReference; lastKnownFileType = sourcecode.swift; path = AppDelegate.swift; sourceTree = "<group>"; };
		ED404FFE23A594AF00A79E03 /* SceneDelegate.swift */ = {isa = PBXFileReference; lastKnownFileType = sourcecode.swift; path = SceneDelegate.swift; sourceTree = "<group>"; };
		ED40500023A594AF00A79E03 /* ViewController.swift */ = {isa = PBXFileReference; lastKnownFileType = sourcecode.swift; path = ViewController.swift; sourceTree = "<group>"; };
		ED40500323A594AF00A79E03 /* Base */ = {isa = PBXFileReference; lastKnownFileType = file.storyboard; name = Base; path = Base.lproj/Main.storyboard; sourceTree = "<group>"; };
		ED40500523A594B200A79E03 /* Assets.xcassets */ = {isa = PBXFileReference; lastKnownFileType = folder.assetcatalog; path = Assets.xcassets; sourceTree = "<group>"; };
		ED40500823A594B200A79E03 /* Base */ = {isa = PBXFileReference; lastKnownFileType = file.storyboard; name = Base; path = Base.lproj/LaunchScreen.storyboard; sourceTree = "<group>"; };
		ED40500A23A594B200A79E03 /* Info.plist */ = {isa = PBXFileReference; lastKnownFileType = text.plist.xml; path = Info.plist; sourceTree = "<group>"; };
		ED40500F23A594B200A79E03 /* TestTests.xctest */ = {isa = PBXFileReference; explicitFileType = wrapper.cfbundle; includeInIndex = 0; path = TestTests.xctest; sourceTree = BUILT_PRODUCTS_DIR; };
		ED40501323A594B200A79E03 /* TestTests.swift */ = {isa = PBXFileReference; lastKnownFileType = sourcecode.swift; path = TestTests.swift; sourceTree = "<group>"; };
		ED40501523A594B200A79E03 /* Info.plist */ = {isa = PBXFileReference; lastKnownFileType = text.plist.xml; path = Info.plist; sourceTree = "<group>"; };
		ED40501A23A594B200A79E03 /* TestUITests.xctest */ = {isa = PBXFileReference; explicitFileType = wrapper.cfbundle; includeInIndex = 0; path = TestUITests.xctest; sourceTree = BUILT_PRODUCTS_DIR; };
		ED40501E23A594B200A79E03 /* TestUITests.swift */ = {isa = PBXFileReference; lastKnownFileType = sourcecode.swift; path = TestUITests.swift; sourceTree = "<group>"; };
		ED40502023A594B200A79E03 /* Info.plist */ = {isa = PBXFileReference; lastKnownFileType = text.plist.xml; path = Info.plist; sourceTree = "<group>"; };
/* End PBXFileReference section */

/* Begin PBXFrameworksBuildPhase section */
		ED404FF623A594AF00A79E03 /* Frameworks */ = {
			isa = PBXFrameworksBuildPhase;
			buildActionMask = 2147483647;
			files = (
			);
			runOnlyForDeploymentPostprocessing = 0;
		};
		ED40500C23A594B200A79E03 /* Frameworks */ = {
			isa = PBXFrameworksBuildPhase;
			buildActionMask = 2147483647;
			files = (
			);
			runOnlyForDeploymentPostprocessing = 0;
		};
		ED40501723A594B200A79E03 /* Frameworks */ = {
			isa = PBXFrameworksBuildPhase;
			buildActionMask = 2147483647;
			files = (
			);
			runOnlyForDeploymentPostprocessing = 0;
		};
/* End PBXFrameworksBuildPhase section */

/* Begin PBXGroup section */
		ED404FF023A594AF00A79E03 = {
			isa = PBXGroup;
			children = (
				ED404FFB23A594AF00A79E03 /* Test */,
				ED40501223A594B200A79E03 /* TestTests */,
				ED40501D23A594B200A79E03 /* TestUITests */,
				ED404FFA23A594AF00A79E03 /* Products */,
			);
			sourceTree = "<group>";
		};
		ED404FFA23A594AF00A79E03 /* Products */ = {
			isa = PBXGroup;
			children = (
				ED404FF923A594AF00A79E03 /* Test.app */,
				ED40500F23A594B200A79E03 /* TestTests.xctest */,
				ED40501A23A594B200A79E03 /* TestUITests.xctest */,
			);
			name = Products;
			sourceTree = "<group>";
		};
		ED404FFB23A594AF00A79E03 /* Test */ = {
			isa = PBXGroup;
			children = (
				ED404FFC23A594AF00A79E03 /* AppDelegate.swift */,
				ED404FFE23A594AF00A79E03 /* SceneDelegate.swift */,
				ED40500023A594AF00A79E03 /* ViewController.swift */,
				ED40500223A594AF00A79E03 /* Main.storyboard */,
				ED40500523A594B200A79E03 /* Assets.xcassets */,
				ED40500723A594B200A79E03 /* LaunchScreen.storyboard */,
				ED40500A23A594B200A79E03 /* Info.plist */,
			);
			path = Test;
			sourceTree = "<group>";
		};
		ED40501223A594B200A79E03 /* TestTests */ = {
			isa = PBXGroup;
			children = (
				ED40501323A594B200A79E03 /* TestTests.swift */,
				ED40501523A594B200A79E03 /* Info.plist */,
			);
			path = TestTests;
			sourceTree = "<group>";
		};
		ED40501D23A594B200A79E03 /* TestUITests */ = {
			isa = PBXGroup;
			children = (
				ED40501E23A594B200A79E03 /* TestUITests.swift */,
				ED40502023A594B200A79E03 /* Info.plist */,
			);
			path = TestUITests;
			sourceTree = "<group>";
		};
/* End PBXGroup section */

/* Begin PBXNativeTarget section */
		ED404FF823A594AF00A79E03 /* Test */ = {
			isa = PBXNativeTarget;
			buildConfigurationList = ED40502323A594B200A79E03 /* Build configuration list for PBXNativeTarget "Test" */;
			buildPhases = (
				ED404FF523A594AF00A79E03 /* Sources */,
				ED404FF623A594AF00A79E03 /* Frameworks */,
				ED404FF723A594AF00A79E03 /* Resources */,
			);
			buildRules = (
			);
			dependencies = (
			);
			name = Test;
			productName = Test;
			productReference = ED404FF923A594AF00A79E03 /* Test.app */;
			productType = "com.apple.product-type.application";
		};
		ED40500E23A594B200A79E03 /* TestTests */ = {
			isa = PBXNativeTarget;
			buildConfigurationList = ED40502623A594B200A79E03 /* Build configuration list for PBXNativeTarget "TestTests" */;
			buildPhases = (
				ED40500B23A594B200A79E03 /* Sources */,
				ED40500C23A594B200A79E03 /* Frameworks */,
				ED40500D23A594B200A79E03 /* Resources */,
			);
			buildRules = (
			);
			dependencies = (
				ED40501123A594B200A79E03 /* PBXTargetDependency */,
			);
			name = TestTests;
			productName = TestTests;
			productReference = ED40500F23A594B200A79E03 /* TestTests.xctest */;
			productType = "com.apple.product-type.bundle.unit-test";
		};
		ED40501923A594B200A79E03 /* TestUITests */ = {
			isa = PBXNativeTarget;
			buildConfigurationList = ED40502923A594B200A79E03 /* Build configuration list for PBXNativeTarget "TestUITests" */;
			buildPhases = (
				ED40501623A594B200A79E03 /* Sources */,
				ED40501723A594B200A79E03 /* Frameworks */,
				ED40501823A594B200A79E03 /* Resources */,
			);
			buildRules = (
			);
			dependencies = (
				ED40501C23A594B200A79E03 /* PBXTargetDependency */,
			);
			name = TestUITests;
			productName = TestUITests;
			productReference = ED40501A23A594B200A79E03 /* TestUITests.xctest */;
			productType = "com.apple.product-type.bundle.ui-testing";
		};
/* End PBXNativeTarget section */

/* Begin PBXProject section */
		ED404FF123A594AF00A79E03 /* Project object */ = {
			isa = PBXProject;
			attributes = {
				LastSwiftUpdateCheck = 1130;
				LastUpgradeCheck = 1130;
				ORGANIZATIONNAME = "Marcus Florentin";
				TargetAttributes = {
					ED404FF823A594AF00A79E03 = {
						CreatedOnToolsVersion = 11.3;
					};
					ED40500E23A594B200A79E03 = {
						CreatedOnToolsVersion = 11.3;
						TestTargetID = ED404FF823A594AF00A79E03;
					};
					ED40501923A594B200A79E03 = {
						CreatedOnToolsVersion = 11.3;
						TestTargetID = ED404FF823A594AF00A79E03;
					};
				};
			};
			buildConfigurationList = ED404FF423A594AF00A79E03 /* Build configuration list for PBXProject "Test" */;
			compatibilityVersion = "Xcode 9.3";
			developmentRegion = en;
			hasScannedForEncodings = 0;
			knownRegions = (
				en,
				Base,
			);
			mainGroup = ED404FF023A594AF00A79E03;
			productRefGroup = ED404FFA23A594AF00A79E03 /* Products */;
			projectDirPath = "";
			projectRoot = "";
			targets = (
				ED404FF823A594AF00A79E03 /* Test */,
				ED40500E23A594B200A79E03 /* TestTests */,
				ED40501923A594B200A79E03 /* TestUITests */,
			);
		};
/* End PBXProject section */

/* Begin PBXResourcesBuildPhase section */
		ED404FF723A594AF00A79E03 /* Resources */ = {
			isa = PBXResourcesBuildPhase;
			buildActionMask = 2147483647;
			files = (
				ED40500923A594B200A79E03 /* LaunchScreen.storyboard in Resources */,
				ED40500623A594B200A79E03 /* Assets.xcassets in Resources */,
				ED40500423A594AF00A79E03 /* Main.storyboard in Resources */,
			);
			runOnlyForDeploymentPostprocessing = 0;
		};
		ED40500D23A594B200A79E03 /* Resources */ = {
			isa = PBXResourcesBuildPhase;
			buildActionMask = 2147483647;
			files = (
			);
			runOnlyForDeploymentPostprocessing = 0;
		};
		ED40501823A594B200A79E03 /* Resources */ = {
			isa = PBXResourcesBuildPhase;
			buildActionMask = 2147483647;
			files = (
			);
			runOnlyForDeploymentPostprocessing = 0;
		};
/* End PBXResourcesBuildPhase section */

/* Begin PBXSourcesBuildPhase section */
		ED404FF523A594AF00A79E03 /* Sources */ = {
			isa = PBXSourcesBuildPhase;
			buildActionMask = 2147483647;
			files = (
				ED40500123A594AF00A79E03 /* ViewController.swift in Sources */,
				ED404FFD23A594AF00A79E03 /* AppDelegate.swift in Sources */,
				ED404FFF23A594AF00A79E03 /* SceneDelegate.swift in Sources */,
			);
			runOnlyForDeploymentPostprocessing = 0;
		};
		ED40500B23A594B200A79E03 /* Sources */ = {
			isa = PBXSourcesBuildPhase;
			buildActionMask = 2147483647;
			files = (
				ED40501423A594B200A79E03 /* TestTests.swift in Sources */,
			);
			runOnlyForDeploymentPostprocessing = 0;
		};
		ED40501623A594B200A79E03 /* Sources */ = {
			isa = PBXSourcesBuildPhase;
			buildActionMask = 2147483647;
			files = (
				ED40501F23A594B200A79E03 /* TestUITests.swift in Sources */,
			);
			runOnlyForDeploymentPostprocessing = 0;
		};
/* End PBXSourcesBuildPhase section */

/* Begin PBXTargetDependency section */
		ED40501123A594B200A79E03 /* PBXTargetDependency */ = {
			isa = PBXTargetDependency;
			target = ED404FF823A594AF00A79E03 /* Test */;
			targetProxy = ED40501023A594B200A79E03 /* PBXContainerItemProxy */;
		};
		ED40501C23A594B200A79E03 /* PBXTargetDependency */ = {
			isa = PBXTargetDependency;
			target = ED404FF823A594AF00A79E03 /* Test */;
			targetProxy = ED40501B23A594B200A79E03 /* PBXContainerItemProxy */;
		};
/* End PBXTargetDependency section */

/* Begin PBXVariantGroup section */
		ED40500223A594AF00A79E03 /* Main.storyboard */ = {
			isa = PBXVariantGroup;
			children = (
				ED40500323A594AF00A79E03 /* Base */,
			);
			name = Main.storyboard;
			sourceTree = "<group>";
		};
		ED40500723A594B200A79E03 /* LaunchScreen.storyboard */ = {
			isa = PBXVariantGroup;
			children = (
				ED40500823A594B200A79E03 /* Base */,
			);
			name = LaunchScreen.storyboard;
			sourceTree = "<group>";
		};
/* End PBXVariantGroup section */

/* Begin XCBuildConfiguration section */
		ED40502123A594B200A79E03 /* Debug */ = {
			isa = XCBuildConfiguration;
			buildSettings = {
				ALWAYS_SEARCH_USER_PATHS = NO;
				CLANG_ANALYZER_NONNULL = YES;
				CLANG_ANALYZER_NUMBER_OBJECT_CONVERSION = YES_AGGRESSIVE;
				CLANG_CXX_LANGUAGE_STANDARD = "gnu++14";
				CLANG_CXX_LIBRARY = "libc++";
				CLANG_ENABLE_MODULES = YES;
				CLANG_ENABLE_OBJC_ARC = YES;
				CLANG_ENABLE_OBJC_WEAK = YES;
				CLANG_WARN_BLOCK_CAPTURE_AUTORELEASING = YES;
				CLANG_WARN_BOOL_CONVERSION = YES;
				CLANG_WARN_COMMA = YES;
				CLANG_WARN_CONSTANT_CONVERSION = YES;
				CLANG_WARN_DEPRECATED_OBJC_IMPLEMENTATIONS = YES;
				CLANG_WARN_DIRECT_OBJC_ISA_USAGE = YES_ERROR;
				CLANG_WARN_DOCUMENTATION_COMMENTS = YES;
				CLANG_WARN_EMPTY_BODY = YES;
				CLANG_WARN_ENUM_CONVERSION = YES;
				CLANG_WARN_INFINITE_RECURSION = YES;
				CLANG_WARN_INT_CONVERSION = YES;
				CLANG_WARN_NON_LITERAL_NULL_CONVERSION = YES;
				CLANG_WARN_OBJC_IMPLICIT_RETAIN_SELF = YES;
				CLANG_WARN_OBJC_LITERAL_CONVERSION = YES;
				CLANG_WARN_OBJC_ROOT_CLASS = YES_ERROR;
				CLANG_WARN_RANGE_LOOP_ANALYSIS = YES;
				CLANG_WARN_STRICT_PROTOTYPES = YES;
				CLANG_WARN_SUSPICIOUS_MOVE = YES;
				CLANG_WARN_UNGUARDED_AVAILABILITY = YES_AGGRESSIVE;
				CLANG_WARN_UNREACHABLE_CODE = YES;
				CLANG_WARN__DUPLICATE_METHOD_MATCH = YES;
				COPY_PHASE_STRIP = NO;
				DEBUG_INFORMATION_FORMAT = dwarf;
				ENABLE_STRICT_OBJC_MSGSEND = YES;
				ENABLE_TESTABILITY = YES;
				GCC_C_LANGUAGE_STANDARD = gnu11;
				GCC_DYNAMIC_NO_PIC = NO;
				GCC_NO_COMMON_BLOCKS = YES;
				GCC_OPTIMIZATION_LEVEL = 0;
				GCC_PREPROCESSOR_DEFINITIONS = (
					"DEBUG=1",
					"$(inherited)",
				);
				GCC_WARN_64_TO_32_BIT_CONVERSION = YES;
				GCC_WARN_ABOUT_RETURN_TYPE = YES_ERROR;
				GCC_WARN_UNDECLARED_SELECTOR = YES;
				GCC_WARN_UNINITIALIZED_AUTOS = YES_AGGRESSIVE;
				GCC_WARN_UNUSED_FUNCTION = YES;
				GCC_WARN_UNUSED_VARIABLE = YES;
				IPHONEOS_DEPLOYMENT_TARGET = 13.2;
				MTL_ENABLE_DEBUG_INFO = INCLUDE_SOURCE;
				MTL_FAST_MATH = YES;
				ONLY_ACTIVE_ARCH = YES;
				SDKROOT = iphoneos;
				SWIFT_ACTIVE_COMPILATION_CONDITIONS = DEBUG;
				SWIFT_OPTIMIZATION_LEVEL = "-Onone";
			};
			name = Debug;
		};
		ED40502223A594B200A79E03 /* Release */ = {
			isa = XCBuildConfiguration;
			buildSettings = {
				ALWAYS_SEARCH_USER_PATHS = NO;
				CLANG_ANALYZER_NONNULL = YES;
				CLANG_ANALYZER_NUMBER_OBJECT_CONVERSION = YES_AGGRESSIVE;
				CLANG_CXX_LANGUAGE_STANDARD = "gnu++14";
				CLANG_CXX_LIBRARY = "libc++";
				CLANG_ENABLE_MODULES = YES;
				CLANG_ENABLE_OBJC_ARC = YES;
				CLANG_ENABLE_OBJC_WEAK = YES;
				CLANG_WARN_BLOCK_CAPTURE_AUTORELEASING = YES;
				CLANG_WARN_BOOL_CONVERSION = YES;
				CLANG_WARN_COMMA = YES;
				CLANG_WARN_CONSTANT_CONVERSION = YES;
				CLANG_WARN_DEPRECATED_OBJC_IMPLEMENTATIONS = YES;
				CLANG_WARN_DIRECT_OBJC_ISA_USAGE = YES_ERROR;
				CLANG_WARN_DOCUMENTATION_COMMENTS = YES;
				CLANG_WARN_EMPTY_BODY = YES;
				CLANG_WARN_ENUM_CONVERSION = YES;
				CLANG_WARN_INFINITE_RECURSION = YES;
				CLANG_WARN_INT_CONVERSION = YES;
				CLANG_WARN_NON_LITERAL_NULL_CONVERSION = YES;
				CLANG_WARN_OBJC_IMPLICIT_RETAIN_SELF = YES;
				CLANG_WARN_OBJC_LITERAL_CONVERSION = YES;
				CLANG_WARN_OBJC_ROOT_CLASS = YES_ERROR;
				CLANG_WARN_RANGE_LOOP_ANALYSIS = YES;
				CLANG_WARN_STRICT_PROTOTYPES = YES;
				CLANG_WARN_SUSPICIOUS_MOVE = YES;
				CLANG_WARN_UNGUARDED_AVAILABILITY = YES_AGGRESSIVE;
				CLANG_WARN_UNREACHABLE_CODE = YES;
				CLANG_WARN__DUPLICATE_METHOD_MATCH = YES;
				COPY_PHASE_STRIP = NO;
				DEBUG_INFORMATION_FORMAT = "dwarf-with-dsym";
				ENABLE_NS_ASSERTIONS = NO;
				ENABLE_STRICT_OBJC_MSGSEND = YES;
				GCC_C_LANGUAGE_STANDARD = gnu11;
				GCC_NO_COMMON_BLOCKS = YES;
				GCC_WARN_64_TO_32_BIT_CONVERSION = YES;
				GCC_WARN_ABOUT_RETURN_TYPE = YES_ERROR;
				GCC_WARN_UNDECLARED_SELECTOR = YES;
				GCC_WARN_UNINITIALIZED_AUTOS = YES_AGGRESSIVE;
				GCC_WARN_UNUSED_FUNCTION = YES;
				GCC_WARN_UNUSED_VARIABLE = YES;
				IPHONEOS_DEPLOYMENT_TARGET = 13.2;
				MTL_ENABLE_DEBUG_INFO = NO;
				MTL_FAST_MATH = YES;
				SDKROOT = iphoneos;
				SWIFT_COMPILATION_MODE = wholemodule;
				SWIFT_OPTIMIZATION_LEVEL = "-O";
				VALIDATE_PRODUCT = YES;
			};
			name = Release;
		};
		ED40502423A594B200A79E03 /* Debug */ = {
			isa = XCBuildConfiguration;
			buildSettings = {
				ASSETCATALOG_COMPILER_APPICON_NAME = AppIcon;
				CODE_SIGN_STYLE = Automatic;
				DEVELOPMENT_TEAM = Z8Q82L44LS;
				INFOPLIST_FILE = Test/Info.plist;
				LD_RUNPATH_SEARCH_PATHS = (
					"$(inherited)",
					"@executable_path/Frameworks",
				);
				PRODUCT_BUNDLE_IDENTIFIER = "black.sombre-osmoze.Test";
				PRODUCT_NAME = "$(TARGET_NAME)";
				SWIFT_VERSION = 5.0;
				TARGETED_DEVICE_FAMILY = "1,2";
			};
			name = Debug;
		};
		ED40502523A594B200A79E03 /* Release */ = {
			isa = XCBuildConfiguration;
			buildSettings = {
				ASSETCATALOG_COMPILER_APPICON_NAME = AppIcon;
				CODE_SIGN_STYLE = Automatic;
				DEVELOPMENT_TEAM = Z8Q82L44LS;
				INFOPLIST_FILE = Test/Info.plist;
				LD_RUNPATH_SEARCH_PATHS = (
					"$(inherited)",
					"@executable_path/Frameworks",
				);
				PRODUCT_BUNDLE_IDENTIFIER = "black.sombre-osmoze.Test";
				PRODUCT_NAME = "$(TARGET_NAME)";
				SWIFT_VERSION = 5.0;
				TARGETED_DEVICE_FAMILY = "1,2";
			};
			name = Release;
		};
		ED40502723A594B200A79E03 /* Debug */ = {
			isa = XCBuildConfiguration;
			buildSettings = {
				ALWAYS_EMBED_SWIFT_STANDARD_LIBRARIES = YES;
				BUNDLE_LOADER = "$(TEST_HOST)";
				CODE_SIGN_STYLE = Automatic;
				DEVELOPMENT_TEAM = Z8Q82L44LS;
				INFOPLIST_FILE = TestTests/Info.plist;
				IPHONEOS_DEPLOYMENT_TARGET = 13.2;
				LD_RUNPATH_SEARCH_PATHS = (
					"$(inherited)",
					"@executable_path/Frameworks",
					"@loader_path/Frameworks",
				);
				PRODUCT_BUNDLE_IDENTIFIER = "black.sombre-osmoze.TestTests";
				PRODUCT_NAME = "$(TARGET_NAME)";
				SWIFT_VERSION = 5.0;
				TARGETED_DEVICE_FAMILY = "1,2";
				TEST_HOST = "$(BUILT_PRODUCTS_DIR)/Test.app/Test";
			};
			name = Debug;
		};
		ED40502823A594B200A79E03 /* Release */ = {
			isa = XCBuildConfiguration;
			buildSettings = {
				ALWAYS_EMBED_SWIFT_STANDARD_LIBRARIES = YES;
				BUNDLE_LOADER = "$(TEST_HOST)";
				CODE_SIGN_STYLE = Automatic;
				DEVELOPMENT_TEAM = Z8Q82L44LS;
				INFOPLIST_FILE = TestTests/Info.plist;
				IPHONEOS_DEPLOYMENT_TARGET = 13.2;
				LD_RUNPATH_SEARCH_PATHS = (
					"$(inherited)",
					"@executable_path/Frameworks",
					"@loader_path/Frameworks",
				);
				PRODUCT_BUNDLE_IDENTIFIER = "black.sombre-osmoze.TestTests";
				PRODUCT_NAME = "$(TARGET_NAME)";
				SWIFT_VERSION = 5.0;
				TARGETED_DEVICE_FAMILY = "1,2";
				TEST_HOST = "$(BUILT_PRODUCTS_DIR)/Test.app/Test";
			};
			name = Release;
		};
		ED40502A23A594B200A79E03 /* Debug */ = {
			isa = XCBuildConfiguration;
			buildSettings = {
				ALWAYS_EMBED_SWIFT_STANDARD_LIBRARIES = YES;
				CODE_SIGN_STYLE = Automatic;
				DEVELOPMENT_TEAM = Z8Q82L44LS;
				INFOPLIST_FILE = TestUITests/Info.plist;
				LD_RUNPATH_SEARCH_PATHS = (
					"$(inherited)",
					"@executable_path/Frameworks",
					"@loader_path/Frameworks",
				);
				PRODUCT_BUNDLE_IDENTIFIER = "black.sombre-osmoze.TestUITests";
				PRODUCT_NAME = "$(TARGET_NAME)";
				SWIFT_VERSION = 5.0;
				TARGETED_DEVICE_FAMILY = "1,2";
				TEST_TARGET_NAME = Test;
			};
			name = Debug;
		};
		ED40502B23A594B200A79E03 /* Release */ = {
			isa = XCBuildConfiguration;
			buildSettings = {
				ALWAYS_EMBED_SWIFT_STANDARD_LIBRARIES = YES;
				CODE_SIGN_STYLE = Automatic;
				DEVELOPMENT_TEAM = Z8Q82L44LS;
				INFOPLIST_FILE = TestUITests/Info.plist;
				LD_RUNPATH_SEARCH_PATHS = (
					"$(inherited)",
					"@executable_path/Frameworks",
					"@loader_path/Frameworks",
				);
				PRODUCT_BUNDLE_IDENTIFIER = "black.sombre-osmoze.TestUITests";
				PRODUCT_NAME = "$(TARGET_NAME)";
				SWIFT_VERSION = 5.0;
				TARGETED_DEVICE_FAMILY = "1,2";
				TEST_TARGET_NAME = Test;
			};
			name = Release;
		};
/* End XCBuildConfiguration section */

/* Begin XCConfigurationList section */
		ED404FF423A594AF00A79E03 /* Build configuration list for PBXProject "Test" */ = {
			isa = XCConfigurationList;
			buildConfigurations = (
				ED40502123A594B200A79E03 /* Debug */,
				ED40502223A594B200A79E03 /* Release */,
			);
			defaultConfigurationIsVisible = 0;
			defaultConfigurationName = Release;
		};
		ED40502323A594B200A79E03 /* Build configuration list for PBXNativeTarget "Test" */ = {
			isa = XCConfigurationList;
			buildConfigurations = (
				ED40502423A594B200A79E03 /* Debug */,
				ED40502523A594B200A79E03 /* Release */,
			);
			defaultConfigurationIsVisible = 0;
			defaultConfigurationName = Release;
		};
		ED40502623A594B200A79E03 /* Build configuration list for PBXNativeTarget "TestTests" */ = {
			isa = XCConfigurationList;
			buildConfigurations = (
				ED40502723A594B200A79E03 /* Debug */,
				ED40502823A594B200A79E03 /* Release */,
			);
			defaultConfigurationIsVisible = 0;
			defaultConfigurationName = Release;
		};
		ED40502923A594B200A79E03 /* Build configuration list for PBXNativeTarget "TestUITests" */ = {
			isa = XCConfigurationList;
			buildConfigurations = (
				ED40502A23A594B200A79E03 /* Debug */,
				ED40502B23A594B200A79E03 /* Release */,
			);
			defaultConfigurationIsVisible = 0;
			defaultConfigurationName = Release;
		};
/* End XCConfigurationList section */
	};
	rootObject = ED404FF123A594AF00A79E03 /* Project object */;
}
